
Microsoft Visual Studio Solution File, Format Version 12.00
# Visual Studio Version 16
VisualStudioVersion = 16.0.30607.51
MinimumVisualStudioVersion = 10.0.40219.1
Project("{FAE04EC0-301F-11D3-BF4B-00C04F79EFBC}") = "AppMovilPlayVideo.Android", "AppMovilPlayVideo\AppMovilPlayVideo.Android\AppMovilPlayVideo.Android.csproj", "{E6F98D05-F40D-44F9-88FF-D4C6BD6D92D8}"
EndProject
Project("{FAE04EC0-301F-11D3-BF4B-00C04F79EFBC}") = "AppMovilPlayVideo.iOS", "AppMovilPlayVideo\AppMovilPlayVideo.iOS\AppMovilPlayVideo.iOS.csproj", "{F83B4C6D-F609-4403-AEE8-38FF38CEBA2D}"
EndProject
Project("{FAE04EC0-301F-11D3-BF4B-00C04F79EFBC}") = "AppMovilPlayVideo", "AppMovilPlayVideo\AppMovilPlayVideo\AppMovilPlayVideo.csproj", "{45207DD1-E62D-4D70-AE1E-CA493066DC33}"
EndProject
Global
	GlobalSection(SolutionConfigurationPlatforms) = preSolution
		Debug|Any CPU = Debug|Any CPU
		Debug|iPhone = Debug|iPhone
		Debug|iPhoneSimulator = Debug|iPhoneSimulator
		Release|Any CPU = Release|Any CPU
		Release|iPhone = Release|iPhone
		Release|iPhoneSimulator = Release|iPhoneSimulator
	EndGlobalSection
	GlobalSection(ProjectConfigurationPlatforms) = postSolution
		{E6F98D05-F40D-44F9-88FF-D4C6BD6D92D8}.Debug|Any CPU.ActiveCfg = Debug|Any CPU
		{E6F98D05-F40D-44F9-88FF-D4C6BD6D92D8}.Debug|Any CPU.Build.0 = Debug|Any CPU
		{E6F98D05-F40D-44F9-88FF-D4C6BD6D92D8}.Debug|Any CPU.Deploy.0 = Debug|Any CPU
		{E6F98D05-F40D-44F9-88FF-D4C6BD6D92D8}.Debug|iPhone.ActiveCfg = Debug|Any CPU
		{E6F98D05-F40D-44F9-88FF-D4C6BD6D92D8}.Debug|iPhone.Build.0 = Debug|Any CPU
		{E6F98D05-F40D-44F9-88FF-D4C6BD6D92D8}.Debug|iPhone.Deploy.0 = Debug|Any CPU
		{E6F98D05-F40D-44F9-88FF-D4C6BD6D92D8}.Debug|iPhoneSimulator.ActiveCfg = Debug|Any CPU
		{E6F98D05-F40D-44F9-88FF-D4C6BD6D92D8}.Debug|iPhoneSimulator.Build.0 = Debug|Any CPU
		{E6F98D05-F40D-44F9-88FF-D4C6BD6D92D8}.Debug|iPhoneSimulator.Deploy.0 = Debug|Any CPU
		{E6F98D05-F40D-44F9-88FF-D4C6BD6D92D8}.Release|Any CPU.ActiveCfg = Release|Any CPU
		{E6F98D05-F40D-44F9-88FF-D4C6BD6D92D8}.Release|Any CPU.Build.0 = Release|Any CPU
		{E6F98D05-F40D-44F9-88FF-D4C6BD6D92D8}.Release|Any CPU.Deploy.0 = Release|Any CPU
		{E6F98D05-F40D-44F9-88FF-D4C6BD6D92D8}.Release|iPhone.ActiveCfg = Release|Any CPU
		{E6F98D05-F40D-44F9-88FF-D4C6BD6D92D8}.Release|iPhone.Build.0 = Release|Any CPU
		{E6F98D05-F40D-44F9-88FF-D4C6BD6D92D8}.Release|iPhone.Deploy.0 = Release|Any CPU
		{E6F98D05-F40D-44F9-88FF-D4C6BD6D92D8}.Release|iPhoneSimulator.ActiveCfg = Release|Any CPU
		{E6F98D05-F40D-44F9-88FF-D4C6BD6D92D8}.Release|iPhoneSimulator.Build.0 = Release|Any CPU
		{E6F98D05-F40D-44F9-88FF-D4C6BD6D92D8}.Release|iPhoneSimulator.Deploy.0 = Release|Any CPU
		{F83B4C6D-F609-4403-AEE8-38FF38CEBA2D}.Debug|Any CPU.ActiveCfg = Debug|iPhoneSimulator
		{F83B4C6D-F609-4403-AEE8-38FF38CEBA2D}.Debug|Any CPU.Build.0 = Debug|iPhoneSimulator
		{F83B4C6D-F609-4403-AEE8-38FF38CEBA2D}.Debug|Any CPU.Deploy.0 = Debug|iPhoneSimulator
		{F83B4C6D-F609-4403-AEE8-38FF38CEBA2D}.Debug|iPhone.ActiveCfg = Debug|iPhone
		{F83B4C6D-F609-4403-AEE8-38FF38CEBA2D}.Debug|iPhone.Build.0 = Debug|iPhone
		{F83B4C6D-F609-4403-AEE8-38FF38CEBA2D}.Debug|iPhone.Deploy.0 = Debug|iPhone
		{F83B4C6D-F609-4403-AEE8-38FF38CEBA2D}.Debug|iPhoneSimulator.ActiveCfg = Debug|iPhoneSimulator
		{F83B4C6D-F609-4403-AEE8-38FF38CEBA2D}.Debug|iPhoneSimulator.Build.0 = Debug|iPhoneSimulator
		{F83B4C6D-F609-4403-AEE8-38FF38CEBA2D}.Debug|iPhoneSimulator.Deploy.0 = Debug|iPhoneSimulator
		{F83B4C6D-F609-4403-AEE8-38FF38CEBA2D}.Release|Any CPU.ActiveCfg = Release|iPhone
		{F83B4C6D-F609-4403-AEE8-38FF38CEBA2D}.Release|Any CPU.Build.0 = Release|iPhone
		{F83B4C6D-F609-4403-AEE8-38FF38CEBA2D}.Release|Any CPU.Deploy.0 = Release|iPhone
		{F83B4C6D-F609-4403-AEE8-38FF38CEBA2D}.Release|iPhone.ActiveCfg = Release|iPhone
		{F83B4C6D-F609-4403-AEE8-38FF38CEBA2D}.Release|iPhone.Build.0 = Release|iPhone
		{F83B4C6D-F609-4403-AEE8-38FF38CEBA2D}.Release|iPhone.Deploy.0 = Release|iPhone
		{F83B4C6D-F609-4403-AEE8-38FF38CEBA2D}.Release|iPhoneSimulator.ActiveCfg = Release|iPhoneSimulator
		{F83B4C6D-F609-4403-AEE8-38FF38CEBA2D}.Release|iPhoneSimulator.Build.0 = Release|iPhoneSimulator
		{F83B4C6D-F609-4403-AEE8-38FF38CEBA2D}.Release|iPhoneSimulator.Deploy.0 = Release|iPhoneSimulator
		{45207DD1-E62D-4D70-AE1E-CA493066DC33}.Debug|Any CPU.ActiveCfg = Debug|Any CPU
		{45207DD1-E62D-4D70-AE1E-CA493066DC33}.Debug|Any CPU.Build.0 = Debug|Any CPU
		{45207DD1-E62D-4D70-AE1E-CA493066DC33}.Debug|Any CPU.Deploy.0 = Debug|Any CPU
		{45207DD1-E62D-4D70-AE1E-CA493066DC33}.Debug|iPhone.ActiveCfg = Debug|Any CPU
		{45207DD1-E62D-4D70-AE1E-CA493066DC33}.Debug|iPhone.Build.0 = Debug|Any CPU
		{45207DD1-E62D-4D70-AE1E-CA493066DC33}.Debug|iPhone.Deploy.0 = Debug|Any CPU
		{45207DD1-E62D-4D70-AE1E-CA493066DC33}.Debug|iPhoneSimulator.ActiveCfg = Debug|Any CPU
		{45207DD1-E62D-4D70-AE1E-CA493066DC33}.Debug|iPhoneSimulator.Build.0 = Debug|Any CPU
		{45207DD1-E62D-4D70-AE1E-CA493066DC33}.Debug|iPhoneSimulator.Deploy.0 = Debug|Any CPU
		{45207DD1-E62D-4D70-AE1E-CA493066DC33}.Release|Any CPU.ActiveCfg = Release|Any CPU
		{45207DD1-E62D-4D70-AE1E-CA493066DC33}.Release|Any CPU.Build.0 = Release|Any CPU
		{45207DD1-E62D-4D70-AE1E-CA493066DC33}.Release|Any CPU.Deploy.0 = Release|Any CPU
		{45207DD1-E62D-4D70-AE1E-CA493066DC33}.Release|iPhone.ActiveCfg = Release|Any CPU
		{45207DD1-E62D-4D70-AE1E-CA493066DC33}.Release|iPhone.Build.0 = Release|Any CPU
		{45207DD1-E62D-4D70-AE1E-CA493066DC33}.Release|iPhone.Deploy.0 = Release|Any CPU
		{45207DD1-E62D-4D70-AE1E-CA493066DC33}.Release|iPhoneSimulator.ActiveCfg = Release|Any CPU
		{45207DD1-E62D-4D70-AE1E-CA493066DC33}.Release|iPhoneSimulator.Build.0 = Release|Any CPU
		{45207DD1-E62D-4D70-AE1E-CA493066DC33}.Release|iPhoneSimulator.Deploy.0 = Release|Any CPU
	EndGlobalSection
	GlobalSection(SolutionProperties) = preSolution
		HideSolutionNode = FALSE
	EndGlobalSection
	GlobalSection(ExtensibilityGlobals) = postSolution
		SolutionGuid = {33E6209A-6725-4F8B-BFAD-14FCF2705B44}
	EndGlobalSection
EndGlobal
